
Microsoft Visual Studio Solution File, Format Version 12.00
# Visual Studio 14
VisualStudioVersion = 14.0.23107.0
MinimumVisualStudioVersion = 10.0.40219.1
Project("{FAE04EC0-301F-11D3-BF4B-00C04F79EFBC}") = "Yobisoft.Core", "Yobisoft.Core\Yobisoft.Core.csproj", "{0B957522-CEC5-418B-9A43-B3A094DFC810}"
EndProject
Project("{FAE04EC0-301F-11D3-BF4B-00C04F79EFBC}") = "Yobisoft.UI", "Yobisoft.UI\Yobisoft.UI.csproj", "{A109A00A-B4B7-4136-9085-DFF34C93FB62}"
EndProject
Project("{FAE04EC0-301F-11D3-BF4B-00C04F79EFBC}") = "Yobisoft.Tests", "Yobisoft.Tests\Yobisoft.Tests.csproj", "{82DE2EF6-A315-4CF4-A37F-3A1656F53B7E}"
EndProject
Project("{FAE04EC0-301F-11D3-BF4B-00C04F79EFBC}") = "Yobisoft.IO", "Yobisoft.IO\Yobisoft.IO.csproj", "{BE8EC66B-4627-4B63-82C0-83074C151657}"
EndProject
Global
	GlobalSection(SolutionConfigurationPlatforms) = preSolution
		Debug|Any CPU = Debug|Any CPU
		Release|Any CPU = Release|Any CPU
	EndGlobalSection
	GlobalSection(ProjectConfigurationPlatforms) = postSolution
		{0B957522-CEC5-418B-9A43-B3A094DFC810}.Debug|Any CPU.ActiveCfg = Debug|Any CPU
		{0B957522-CEC5-418B-9A43-B3A094DFC810}.Debug|Any CPU.Build.0 = Debug|Any CPU
		{0B957522-CEC5-418B-9A43-B3A094DFC810}.Release|Any CPU.ActiveCfg = Release|Any CPU
		{0B957522-CEC5-418B-9A43-B3A094DFC810}.Release|Any CPU.Build.0 = Release|Any CPU
		{A109A00A-B4B7-4136-9085-DFF34C93FB62}.Debug|Any CPU.ActiveCfg = Debug|Any CPU
		{A109A00A-B4B7-4136-9085-DFF34C93FB62}.Debug|Any CPU.Build.0 = Debug|Any CPU
		{A109A00A-B4B7-4136-9085-DFF34C93FB62}.Release|Any CPU.ActiveCfg = Release|Any CPU
		{A109A00A-B4B7-4136-9085-DFF34C93FB62}.Release|Any CPU.Build.0 = Release|Any CPU
		{82DE2EF6-A315-4CF4-A37F-3A1656F53B7E}.Debug|Any CPU.ActiveCfg = Debug|Any CPU
		{82DE2EF6-A315-4CF4-A37F-3A1656F53B7E}.Debug|Any CPU.Build.0 = Debug|Any CPU
		{82DE2EF6-A315-4CF4-A37F-3A1656F53B7E}.Release|Any CPU.ActiveCfg = Release|Any CPU
		{82DE2EF6-A315-4CF4-A37F-3A1656F53B7E}.Release|Any CPU.Build.0 = Release|Any CPU
		{BE8EC66B-4627-4B63-82C0-83074C151657}.Debug|Any CPU.ActiveCfg = Debug|Any CPU
		{BE8EC66B-4627-4B63-82C0-83074C151657}.Debug|Any CPU.Build.0 = Debug|Any CPU
		{BE8EC66B-4627-4B63-82C0-83074C151657}.Release|Any CPU.ActiveCfg = Release|Any CPU
		{BE8EC66B-4627-4B63-82C0-83074C151657}.Release|Any CPU.Build.0 = Release|Any CPU
	EndGlobalSection
	GlobalSection(SolutionProperties) = preSolution
		HideSolutionNode = FALSE
	EndGlobalSection
EndGlobal
